// !$*UTF8*$!
{
	archiveVersion = 1;
	classes = {
	};
	objectVersion = 46;
	objects = {

/* Begin PBXBuildFile section */
		BB8B5F7E1BBE3D1600A912E0 /* AppDelegate.swift in Sources */ = {isa = PBXBuildFile; fileRef = BB8B5F7D1BBE3D1600A912E0 /* AppDelegate.swift */; };
		BB8B5F801BBE3D1600A912E0 /* ViewController.swift in Sources */ = {isa = PBXBuildFile; fileRef = BB8B5F7F1BBE3D1600A912E0 /* ViewController.swift */; };
		BB8B5F831BBE3D1600A912E0 /* Main.storyboard in Resources */ = {isa = PBXBuildFile; fileRef = BB8B5F811BBE3D1600A912E0 /* Main.storyboard */; };
		BB8B5F851BBE3D1600A912E0 /* Assets.xcassets in Resources */ = {isa = PBXBuildFile; fileRef = BB8B5F841BBE3D1600A912E0 /* Assets.xcassets */; };
		BB8B5F881BBE3D1600A912E0 /* LaunchScreen.storyboard in Resources */ = {isa = PBXBuildFile; fileRef = BB8B5F861BBE3D1600A912E0 /* LaunchScreen.storyboard */; };
/* End PBXBuildFile section */

/* Begin PBXFileReference section */
		BB8B5F7A1BBE3D1600A912E0 /* HideBombs.app */ = {isa = PBXFileReference; explicitFileType = wrapper.application; includeInIndex = 0; path = HideBombs.app; sourceTree = BUILT_PRODUCTS_DIR; };
		BB8B5F7D1BBE3D1600A912E0 /* AppDelegate.swift */ = {isa = PBXFileReference; lastKnownFileType = sourcecode.swift; path = AppDelegate.swift; sourceTree = "<group>"; };
		BB8B5F7F1BBE3D1600A912E0 /* ViewController.swift */ = {isa = PBXFileReference; lastKnownFileType = sourcecode.swift; path = ViewController.swift; sourceTree = "<group>"; };
		BB8B5F821BBE3D1600A912E0 /* Base */ = {isa = PBXFileReference; lastKnownFileType = file.storyboard; name = Base; path = Base.lproj/Main.storyboard; sourceTree = "<group>"; };
		BB8B5F841BBE3D1600A912E0 /* Assets.xcassets */ = {isa = PBXFileReference; lastKnownFileType = folder.assetcatalog; path = Assets.xcassets; sourceTree = "<group>"; };
		BB8B5F871BBE3D1600A912E0 /* Base */ = {isa = PBXFileReference; lastKnownFileType = file.storyboard; name = Base; path = Base.lproj/LaunchScreen.storyboard; sourceTree = "<group>"; };
		BB8B5F891BBE3D1600A912E0 /* Info.plist */ = {isa = PBXFileReference; lastKnownFileType = text.plist.xml; path = Info.plist; sourceTree = "<group>"; };
/* End PBXFileReference section */

/* Begin PBXFrameworksBuildPhase section */
		BB8B5F771BBE3D1600A912E0 /* Frameworks */ = {
			isa = PBXFrameworksBuildPhase;
			buildActionMask = 2147483647;
			files = (
			);
			runOnlyForDeploymentPostprocessing = 0;
		};
/* End PBXFrameworksBuildPhase section */

/* Begin PBXGroup section */
		BB8B5F711BBE3D1600A912E0 = {
			isa = PBXGroup;
			children = (
				BB8B5F7C1BBE3D1600A912E0 /* HideBombs */,
				BB8B5F7B1BBE3D1600A912E0 /* Products */,
			);
			sourceTree = "<group>";
		};
		BB8B5F7B1BBE3D1600A912E0 /* Products */ = {
			isa = PBXGroup;
			children = (
				BB8B5F7A1BBE3D1600A912E0 /* HideBombs.app */,
			);
			name = Products;
			sourceTree = "<group>";
		};
		BB8B5F7C1BBE3D1600A912E0 /* HideBombs */ = {
			isa = PBXGroup;
			children = (
				BB8B5F7D1BBE3D1600A912E0 /* AppDelegate.swift */,
				BB8B5F7F1BBE3D1600A912E0 /* ViewController.swift */,
				BB8B5F811BBE3D1600A912E0 /* Main.storyboard */,
				BB8B5F841BBE3D1600A912E0 /* Assets.xcassets */,
				BB8B5F861BBE3D1600A912E0 /* LaunchScreen.storyboard */,
				BB8B5F891BBE3D1600A912E0 /* Info.plist */,
			);
			path = HideBombs;
			sourceTree = "<group>";
		};
/* End PBXGroup section */

/* Begin PBXNativeTarget section */
		BB8B5F791BBE3D1600A912E0 /* HideBombs */ = {
			isa = PBXNativeTarget;
			buildConfigurationList = BB8B5F8C1BBE3D1600A912E0 /* Build configuration list for PBXNativeTarget "HideBombs" */;
			buildPhases = (
				BB8B5F761BBE3D1600A912E0 /* Sources */,
				BB8B5F771BBE3D1600A912E0 /* Frameworks */,
				BB8B5F781BBE3D1600A912E0 /* Resources */,
			);
			buildRules = (
			);
			dependencies = (
			);
			name = HideBombs;
			productName = HideBombs;
			productReference = BB8B5F7A1BBE3D1600A912E0 /* HideBombs.app */;
			productType = "com.apple.product-type.application";
		};
/* End PBXNativeTarget section */

/* Begin PBXProject section */
		BB8B5F721BBE3D1600A912E0 /* Project object */ = {
			isa = PBXProject;
			attributes = {
				LastUpgradeCheck = 0700;
				ORGANIZATIONNAME = LodenaApps;
				TargetAttributes = {
					BB8B5F791BBE3D1600A912E0 = {
						CreatedOnToolsVersion = 7.0;
						DevelopmentTeam = QRLQDFSPK7;
					};
				};
			};
			buildConfigurationList = BB8B5F751BBE3D1600A912E0 /* Build configuration list for PBXProject "HideBombs" */;
			compatibilityVersion = "Xcode 3.2";
			developmentRegion = English;
			hasScannedForEncodings = 0;
			knownRegions = (
				en,
				Base,
			);
			mainGroup = BB8B5F711BBE3D1600A912E0;
			productRefGroup = BB8B5F7B1BBE3D1600A912E0 /* Products */;
			projectDirPath = "";
			projectRoot = "";
			targets = (
				BB8B5F791BBE3D1600A912E0 /* HideBombs */,
			);
		};
/* End PBXProject section */

/* Begin PBXResourcesBuildPhase section */
		BB8B5F781BBE3D1600A912E0 /* Resources */ = {
			isa = PBXResourcesBuildPhase;
			buildActionMask = 2147483647;
			files = (
				BB8B5F881BBE3D1600A912E0 /* LaunchScreen.storyboard in Resources */,
				BB8B5F851BBE3D1600A912E0 /* Assets.xcassets in Resources */,
				BB8B5F831BBE3D1600A912E0 /* Main.storyboard in Resources */,
			);
			runOnlyForDeploymentPostprocessing = 0;
		};
/* End PBXResourcesBuildPhase section */

/* Begin PBXSourcesBuildPhase section */
		BB8B5F761BBE3D1600A912E0 /* Sources */ = {
			isa = PBXSourcesBuildPhase;
			buildActionMask = 2147483647;
			files = (
				BB8B5F801BBE3D1600A912E0 /* ViewController.swift in Sources */,
				BB8B5F7E1BBE3D1600A912E0 /* AppDelegate.swift in Sources */,
			);
			runOnlyForDeploymentPostprocessing = 0;
		};
/* End PBXSourcesBuildPhase section */

/* Begin PBXVariantGroup section */
		BB8B5F811BBE3D1600A912E0 /* Main.storyboard */ = {
			isa = PBXVariantGroup;
			children = (
				BB8B5F821BBE3D1600A912E0 /* Base */,
			);
			name = Main.storyboard;
			sourceTree = "<group>";
		};
		BB8B5F861BBE3D1600A912E0 /* LaunchScreen.storyboard */ = {
			isa = PBXVariantGroup;
			children = (
				BB8B5F871BBE3D1600A912E0 /* Base */,
			);
			name = LaunchScreen.storyboard;
			sourceTree = "<group>";
		};
/* End PBXVariantGroup section */

/* Begin XCBuildConfiguration section */
		BB8B5F8A1BBE3D1600A912E0 /* Debug */ = {
			isa = XCBuildConfiguration;
			buildSettings = {
				ALWAYS_SEARCH_USER_PATHS = NO;
				CLANG_CXX_LANGUAGE_STANDARD = "gnu++0x";
				CLANG_CXX_LIBRARY = "libc++";
				CLANG_ENABLE_MODULES = YES;
				CLANG_ENABLE_OBJC_ARC = YES;
				CLANG_WARN_BOOL_CONVERSION = YES;
				CLANG_WARN_CONSTANT_CONVERSION = YES;
				CLANG_WARN_DIRECT_OBJC_ISA_USAGE = YES_ERROR;
				CLANG_WARN_EMPTY_BODY = YES;
				CLANG_WARN_ENUM_CONVERSION = YES;
				CLANG_WARN_INT_CONVERSION = YES;
				CLANG_WARN_OBJC_ROOT_CLASS = YES_ERROR;
				CLANG_WARN_UNREACHABLE_CODE = YES;
				CLANG_WARN__DUPLICATE_METHOD_MATCH = YES;
				"CODE_SIGN_IDENTITY[sdk=iphoneos*]" = "iPhone Developer";
				COPY_PHASE_STRIP = NO;
				DEBUG_INFORMATION_FORMAT = dwarf;
				ENABLE_STRICT_OBJC_MSGSEND = YES;
				ENABLE_TESTABILITY = YES;
				GCC_C_LANGUAGE_STANDARD = gnu99;
				GCC_DYNAMIC_NO_PIC = NO;
				GCC_NO_COMMON_BLOCKS = YES;
				GCC_OPTIMIZATION_LEVEL = 0;
				GCC_PREPROCESSOR_DEFINITIONS = (
					"DEBUG=1",
					"$(inherited)",
				);
				GCC_WARN_64_TO_32_BIT_CONVERSION = YES;
				GCC_WARN_ABOUT_RETURN_TYPE = YES_ERROR;
				GCC_WARN_UNDECLARED_SELECTOR = YES;
				GCC_WARN_UNINITIALIZED_AUTOS = YES_AGGRESSIVE;
				GCC_WARN_UNUSED_FUNCTION = YES;
				GCC_WARN_UNUSED_VARIABLE = YES;
				IPHONEOS_DEPLOYMENT_TARGET = 9.0;
				MTL_ENABLE_DEBUG_INFO = YES;
				ONLY_ACTIVE_ARCH = YES;
				SDKROOT = iphoneos;
				SWIFT_OPTIMIZATION_LEVEL = "-Onone";
			};
			name = Debug;
		};
		BB8B5F8B1BBE3D1600A912E0 /* Release */ = {
			isa = XCBuildConfiguration;
			buildSettings = {
				ALWAYS_SEARCH_USER_PATHS = NO;
				CLANG_CXX_LANGUAGE_STANDARD = "gnu++0x";
				CLANG_CXX_LIBRARY = "libc++";
				CLANG_ENABLE_MODULES = YES;
				CLANG_ENABLE_OBJC_ARC = YES;
				CLANG_WARN_BOOL_CONVERSION = YES;
				CLANG_WARN_CONSTANT_CONVERSION = YES;
				CLANG_WARN_DIRECT_OBJC_ISA_USAGE = YES_ERROR;
				CLANG_WARN_EMPTY_BODY = YES;
				CLANG_WARN_ENUM_CONVERSION = YES;
				CLANG_WARN_INT_CONVERSION = YES;
				CLANG_WARN_OBJC_ROOT_CLASS = YES_ERROR;
				CLANG_WARN_UNREACHABLE_CODE = YES;
				CLANG_WARN__DUPLICATE_METHOD_MATCH = YES;
				"CODE_SIGN_IDENTITY[sdk=iphoneos*]" = "iPhone Developer";
				COPY_PHASE_STRIP = NO;
				DEBUG_INFORMATION_FORMAT = "dwarf-with-dsym";
				ENABLE_NS_ASSERTIONS = NO;
				ENABLE_STRICT_OBJC_MSGSEND = YES;
				GCC_C_LANGUAGE_STANDARD = gnu99;
				GCC_NO_COMMON_BLOCKS = YES;
				GCC_WARN_64_TO_32_BIT_CONVERSION = YES;
				GCC_WARN_ABOUT_RETURN_TYPE = YES_ERROR;
				GCC_WARN_UNDECLARED_SELECTOR = YES;
				GCC_WARN_UNINITIALIZED_AUTOS = YES_AGGRESSIVE;
				GCC_WARN_UNUSED_FUNCTION = YES;
				GCC_WARN_UNUSED_VARIABLE = YES;
				IPHONEOS_DEPLOYMENT_TARGET = 9.0;
				MTL_ENABLE_DEBUG_INFO = NO;
				SDKROOT = iphoneos;
				VALIDATE_PRODUCT = YES;
			};
			name = Release;
		};
		BB8B5F8D1BBE3D1600A912E0 /* Debug */ = {
			isa = XCBuildConfiguration;
			buildSettings = {
				ASSETCATALOG_COMPILER_APPICON_NAME = AppIcon;
				INFOPLIST_FILE = HideBombs/Info.plist;
				LD_RUNPATH_SEARCH_PATHS = "$(inherited) @executable_path/Frameworks";
				PRODUCT_BUNDLE_IDENTIFIER = com.lodenaapps.HideBombs;
				PRODUCT_NAME = "$(TARGET_NAME)";
			};
			name = Debug;
		};
		BB8B5F8E1BBE3D1600A912E0 /* Release */ = {
			isa = XCBuildConfiguration;
			buildSettings = {
				ASSETCATALOG_COMPILER_APPICON_NAME = AppIcon;
				INFOPLIST_FILE = HideBombs/Info.plist;
				LD_RUNPATH_SEARCH_PATHS = "$(inherited) @executable_path/Frameworks";
				PRODUCT_BUNDLE_IDENTIFIER = com.lodenaapps.HideBombs;
				PRODUCT_NAME = "$(TARGET_NAME)";
			};
			name = Release;
		};
/* End XCBuildConfiguration section */

/* Begin XCConfigurationList section */
		BB8B5F751BBE3D1600A912E0 /* Build configuration list for PBXProject "HideBombs" */ = {
			isa = XCConfigurationList;
			buildConfigurations = (
				BB8B5F8A1BBE3D1600A912E0 /* Debug */,
				BB8B5F8B1BBE3D1600A912E0 /* Release */,
			);
			defaultConfigurationIsVisible = 0;
			defaultConfigurationName = Release;
		};
		BB8B5F8C1BBE3D1600A912E0 /* Build configuration list for PBXNativeTarget "HideBombs" */ = {
			isa = XCConfigurationList;
			buildConfigurations = (
				BB8B5F8D1BBE3D1600A912E0 /* Debug */,
				BB8B5F8E1BBE3D1600A912E0 /* Release */,
			);
			defaultConfigurationIsVisible = 0;
		};
/* End XCConfigurationList section */
	};
	rootObject = BB8B5F721BBE3D1600A912E0 /* Project object */;
}
